// !$*UTF8*$!
{
	archiveVersion = 1;
	classes = {
	};
	objectVersion = 56;
	objects = {

/* Begin PBXBuildFile section */
		781D56492ADBFED200A56C4A /* iRulloApp.swift in Sources */ = {isa = PBXBuildFile; fileRef = 781D56482ADBFED200A56C4A /* iRulloApp.swift */; };
		781D564D2ADBFED300A56C4A /* Assets.xcassets in Resources */ = {isa = PBXBuildFile; fileRef = 781D564C2ADBFED300A56C4A /* Assets.xcassets */; };
		781D56502ADBFED300A56C4A /* Preview Assets.xcassets in Resources */ = {isa = PBXBuildFile; fileRef = 781D564F2ADBFED300A56C4A /* Preview Assets.xcassets */; };
		781D56582ADBFF5A00A56C4A /* Card.swift in Sources */ = {isa = PBXBuildFile; fileRef = 781D56572ADBFF5A00A56C4A /* Card.swift */; };
		781D565A2ADC00A600A56C4A /* BoardList.swift in Sources */ = {isa = PBXBuildFile; fileRef = 781D56592ADC00A600A56C4A /* BoardList.swift */; };
		781D565C2ADC01B100A56C4A /* Board.swift in Sources */ = {isa = PBXBuildFile; fileRef = 781D565B2ADC01B100A56C4A /* Board.swift */; };
		781D565F2ADC061000A56C4A /* Utils+Helpers.swift in Sources */ = {isa = PBXBuildFile; fileRef = 781D565E2ADC061000A56C4A /* Utils+Helpers.swift */; };
		781D56622ADC0D5900A56C4A /* Board+Stub.swift in Sources */ = {isa = PBXBuildFile; fileRef = 781D56612ADC0D5900A56C4A /* Board+Stub.swift */; };
		7829D7EF2AEC169B00452C3A /* BoardDiskRepository.swift in Sources */ = {isa = PBXBuildFile; fileRef = 7829D7EE2AEC169B00452C3A /* BoardDiskRepository.swift */; };
		788D6D7E2AE2F3B20049D0F5 /* BoardView.swift in Sources */ = {isa = PBXBuildFile; fileRef = 788D6D7D2AE2F3B20049D0F5 /* BoardView.swift */; };
		788D6D802AE2F91E0049D0F5 /* BoardListView.swift in Sources */ = {isa = PBXBuildFile; fileRef = 788D6D7F2AE2F91E0049D0F5 /* BoardListView.swift */; };
		788D6D822AE2FE830049D0F5 /* CardView.swift in Sources */ = {isa = PBXBuildFile; fileRef = 788D6D812AE2FE830049D0F5 /* CardView.swift */; };
		788D6D852AE433C00049D0F5 /* SwiftUIIntrospect in Frameworks */ = {isa = PBXBuildFile; productRef = 788D6D842AE433C00049D0F5 /* SwiftUIIntrospect */; };
		788D6D872AE433C00049D0F5 /* SwiftUIIntrospect-Dynamic in Frameworks */ = {isa = PBXBuildFile; productRef = 788D6D862AE433C00049D0F5 /* SwiftUIIntrospect-Dynamic */; };
		788D6D892AE433C00049D0F5 /* SwiftUIIntrospect-Static in Frameworks */ = {isa = PBXBuildFile; productRef = 788D6D882AE433C00049D0F5 /* SwiftUIIntrospect-Static */; };
		788D6D8F2AE45F320049D0F5 /* ViewDetailCard.swift in Sources */ = {isa = PBXBuildFile; fileRef = 788D6D8E2AE45F320049D0F5 /* ViewDetailCard.swift */; };
		788D6D912AE56A000049D0F5 /* BoardDropDelegate.swift in Sources */ = {isa = PBXBuildFile; fileRef = 788D6D902AE56A000049D0F5 /* BoardDropDelegate.swift */; };
		788D6D932AE56F390049D0F5 /* View+AlertTextField.swift 15-45-09-558.swift in Sources */ = {isa = PBXBuildFile; fileRef = 788D6D922AE56F390049D0F5 /* View+AlertTextField.swift 15-45-09-558.swift */; };
/* End PBXBuildFile section */

/* Begin PBXFileReference section */
		781D56452ADBFED200A56C4A /* iRullo.app */ = {isa = PBXFileReference; explicitFileType = wrapper.application; includeInIndex = 0; path = iRullo.app; sourceTree = BUILT_PRODUCTS_DIR; };
		781D56482ADBFED200A56C4A /* iRulloApp.swift */ = {isa = PBXFileReference; lastKnownFileType = sourcecode.swift; path = iRulloApp.swift; sourceTree = "<group>"; };
		781D564C2ADBFED300A56C4A /* Assets.xcassets */ = {isa = PBXFileReference; lastKnownFileType = folder.assetcatalog; path = Assets.xcassets; sourceTree = "<group>"; };
		781D564F2ADBFED300A56C4A /* Preview Assets.xcassets */ = {isa = PBXFileReference; lastKnownFileType = folder.assetcatalog; path = "Preview Assets.xcassets"; sourceTree = "<group>"; };
		781D56572ADBFF5A00A56C4A /* Card.swift */ = {isa = PBXFileReference; lastKnownFileType = sourcecode.swift; path = Card.swift; sourceTree = "<group>"; };
		781D56592ADC00A600A56C4A /* BoardList.swift */ = {isa = PBXFileReference; lastKnownFileType = sourcecode.swift; path = BoardList.swift; sourceTree = "<group>"; };
		781D565B2ADC01B100A56C4A /* Board.swift */ = {isa = PBXFileReference; lastKnownFileType = sourcecode.swift; path = Board.swift; sourceTree = "<group>"; };
		781D565E2ADC061000A56C4A /* Utils+Helpers.swift */ = {isa = PBXFileReference; lastKnownFileType = sourcecode.swift; path = "Utils+Helpers.swift"; sourceTree = "<group>"; };
		781D56602ADC0CDF00A56C4A /* Info.plist */ = {isa = PBXFileReference; lastKnownFileType = text.plist; path = Info.plist; sourceTree = "<group>"; };
		781D56612ADC0D5900A56C4A /* Board+Stub.swift */ = {isa = PBXFileReference; lastKnownFileType = sourcecode.swift; path = "Board+Stub.swift"; sourceTree = "<group>"; };
		7829D7EE2AEC169B00452C3A /* BoardDiskRepository.swift */ = {isa = PBXFileReference; lastKnownFileType = sourcecode.swift; path = BoardDiskRepository.swift; sourceTree = "<group>"; };
		788D6D7D2AE2F3B20049D0F5 /* BoardView.swift */ = {isa = PBXFileReference; lastKnownFileType = sourcecode.swift; path = BoardView.swift; sourceTree = "<group>"; };
		788D6D7F2AE2F91E0049D0F5 /* BoardListView.swift */ = {isa = PBXFileReference; lastKnownFileType = sourcecode.swift; path = BoardListView.swift; sourceTree = "<group>"; };
		788D6D812AE2FE830049D0F5 /* CardView.swift */ = {isa = PBXFileReference; lastKnownFileType = sourcecode.swift; path = CardView.swift; sourceTree = "<group>"; };
		788D6D8E2AE45F320049D0F5 /* ViewDetailCard.swift */ = {isa = PBXFileReference; lastKnownFileType = sourcecode.swift; path = ViewDetailCard.swift; sourceTree = "<group>"; };
		788D6D902AE56A000049D0F5 /* BoardDropDelegate.swift */ = {isa = PBXFileReference; lastKnownFileType = sourcecode.swift; path = BoardDropDelegate.swift; sourceTree = "<group>"; };
		788D6D922AE56F390049D0F5 /* View+AlertTextField.swift 15-45-09-558.swift */ = {isa = PBXFileReference; fileEncoding = 4; lastKnownFileType = sourcecode.swift; path = "View+AlertTextField.swift 15-45-09-558.swift"; sourceTree = "<group>"; };
/* End PBXFileReference section */

/* Begin PBXFrameworksBuildPhase section */
		781D56422ADBFED200A56C4A /* Frameworks */ = {
			isa = PBXFrameworksBuildPhase;
			buildActionMask = 2147483647;
			files = (
				788D6D852AE433C00049D0F5 /* SwiftUIIntrospect in Frameworks */,
				788D6D872AE433C00049D0F5 /* SwiftUIIntrospect-Dynamic in Frameworks */,
				788D6D892AE433C00049D0F5 /* SwiftUIIntrospect-Static in Frameworks */,
			);
			runOnlyForDeploymentPostprocessing = 0;
		};
/* End PBXFrameworksBuildPhase section */

/* Begin PBXGroup section */
		781D563C2ADBFED200A56C4A = {
			isa = PBXGroup;
			children = (
				781D56472ADBFED200A56C4A /* iRullo */,
				781D56462ADBFED200A56C4A /* Products */,
			);
			sourceTree = "<group>";
		};
		781D56462ADBFED200A56C4A /* Products */ = {
			isa = PBXGroup;
			children = (
				781D56452ADBFED200A56C4A /* iRullo.app */,
			);
			name = Products;
			sourceTree = "<group>";
		};
		781D56472ADBFED200A56C4A /* iRullo */ = {
			isa = PBXGroup;
			children = (
				788D6D7C2AE2F3A20049D0F5 /* Views */,
				781D56602ADC0CDF00A56C4A /* Info.plist */,
				781D565D2ADC05FB00A56C4A /* Utils+Helpers */,
				781D56562ADBFF3A00A56C4A /* Models */,
				781D56482ADBFED200A56C4A /* iRulloApp.swift */,
				781D564C2ADBFED300A56C4A /* Assets.xcassets */,
				781D564E2ADBFED300A56C4A /* Preview Content */,
			);
			path = iRullo;
			sourceTree = "<group>";
		};
		781D564E2ADBFED300A56C4A /* Preview Content */ = {
			isa = PBXGroup;
			children = (
				781D564F2ADBFED300A56C4A /* Preview Assets.xcassets */,
			);
			path = "Preview Content";
			sourceTree = "<group>";
		};
		781D56562ADBFF3A00A56C4A /* Models */ = {
			isa = PBXGroup;
			children = (
				781D56572ADBFF5A00A56C4A /* Card.swift */,
				781D56592ADC00A600A56C4A /* BoardList.swift */,
				781D565B2ADC01B100A56C4A /* Board.swift */,
				781D56612ADC0D5900A56C4A /* Board+Stub.swift */,
				788D6D902AE56A000049D0F5 /* BoardDropDelegate.swift */,
				7829D7EE2AEC169B00452C3A /* BoardDiskRepository.swift */,
			);
			path = Models;
			sourceTree = "<group>";
		};
		781D565D2ADC05FB00A56C4A /* Utils+Helpers */ = {
			isa = PBXGroup;
			children = (
				781D565E2ADC061000A56C4A /* Utils+Helpers.swift */,
			);
			path = "Utils+Helpers";
			sourceTree = "<group>";
		};
		788D6D7C2AE2F3A20049D0F5 /* Views */ = {
			isa = PBXGroup;
			children = (
				788D6D7D2AE2F3B20049D0F5 /* BoardView.swift */,
				788D6D7F2AE2F91E0049D0F5 /* BoardListView.swift */,
				788D6D812AE2FE830049D0F5 /* CardView.swift */,
				788D6D8E2AE45F320049D0F5 /* ViewDetailCard.swift */,
				788D6D922AE56F390049D0F5 /* View+AlertTextField.swift 15-45-09-558.swift */,
			);
			path = Views;
			sourceTree = "<group>";
		};
/* End PBXGroup section */

/* Begin PBXNativeTarget section */
		781D56442ADBFED200A56C4A /* iRullo */ = {
			isa = PBXNativeTarget;
			buildConfigurationList = 781D56532ADBFED300A56C4A /* Build configuration list for PBXNativeTarget "iRullo" */;
			buildPhases = (
				781D56412ADBFED200A56C4A /* Sources */,
				781D56422ADBFED200A56C4A /* Frameworks */,
				781D56432ADBFED200A56C4A /* Resources */,
			);
			buildRules = (
			);
			dependencies = (
			);
			name = iRullo;
			packageProductDependencies = (
				788D6D842AE433C00049D0F5 /* SwiftUIIntrospect */,
				788D6D862AE433C00049D0F5 /* SwiftUIIntrospect-Dynamic */,
				788D6D882AE433C00049D0F5 /* SwiftUIIntrospect-Static */,
			);
			productName = iRullo;
			productReference = 781D56452ADBFED200A56C4A /* iRullo.app */;
			productType = "com.apple.product-type.application";
		};
/* End PBXNativeTarget section */

/* Begin PBXProject section */
		781D563D2ADBFED200A56C4A /* Project object */ = {
			isa = PBXProject;
			attributes = {
				BuildIndependentTargetsInParallel = 1;
				LastSwiftUpdateCheck = 1500;
				LastUpgradeCheck = 1500;
				TargetAttributes = {
					781D56442ADBFED200A56C4A = {
						CreatedOnToolsVersion = 15.0;
					};
				};
			};
			buildConfigurationList = 781D56402ADBFED200A56C4A /* Build configuration list for PBXProject "iRullo" */;
			compatibilityVersion = "Xcode 14.0";
			developmentRegion = en;
			hasScannedForEncodings = 0;
			knownRegions = (
				en,
				Base,
			);
			mainGroup = 781D563C2ADBFED200A56C4A;
			packageReferences = (
				788D6D832AE433C00049D0F5 /* XCRemoteSwiftPackageReference "swiftui-introspect" */,
			);
			productRefGroup = 781D56462ADBFED200A56C4A /* Products */;
			projectDirPath = "";
			projectRoot = "";
			targets = (
				781D56442ADBFED200A56C4A /* iRullo */,
			);
		};
/* End PBXProject section */

/* Begin PBXResourcesBuildPhase section */
		781D56432ADBFED200A56C4A /* Resources */ = {
			isa = PBXResourcesBuildPhase;
			buildActionMask = 2147483647;
			files = (
				781D56502ADBFED300A56C4A /* Preview Assets.xcassets in Resources */,
				781D564D2ADBFED300A56C4A /* Assets.xcassets in Resources */,
			);
			runOnlyForDeploymentPostprocessing = 0;
		};
/* End PBXResourcesBuildPhase section */

/* Begin PBXSourcesBuildPhase section */
		781D56412ADBFED200A56C4A /* Sources */ = {
			isa = PBXSourcesBuildPhase;
			buildActionMask = 2147483647;
			files = (
				781D56582ADBFF5A00A56C4A /* Card.swift in Sources */,
				788D6D822AE2FE830049D0F5 /* CardView.swift in Sources */,
				781D565C2ADC01B100A56C4A /* Board.swift in Sources */,
				7829D7EF2AEC169B00452C3A /* BoardDiskRepository.swift in Sources */,
				788D6D8F2AE45F320049D0F5 /* ViewDetailCard.swift in Sources */,
				781D565A2ADC00A600A56C4A /* BoardList.swift in Sources */,
				781D56622ADC0D5900A56C4A /* Board+Stub.swift in Sources */,
				788D6D7E2AE2F3B20049D0F5 /* BoardView.swift in Sources */,
				788D6D802AE2F91E0049D0F5 /* BoardListView.swift in Sources */,
				781D56492ADBFED200A56C4A /* iRulloApp.swift in Sources */,
				788D6D912AE56A000049D0F5 /* BoardDropDelegate.swift in Sources */,
				788D6D932AE56F390049D0F5 /* View+AlertTextField.swift 15-45-09-558.swift in Sources */,
				781D565F2ADC061000A56C4A /* Utils+Helpers.swift in Sources */,
			);
			runOnlyForDeploymentPostprocessing = 0;
		};
/* End PBXSourcesBuildPhase section */

/* Begin XCBuildConfiguration section */
		781D56512ADBFED300A56C4A /* Debug */ = {
			isa = XCBuildConfiguration;
			buildSettings = {
				ALWAYS_SEARCH_USER_PATHS = NO;
				ASSETCATALOG_COMPILER_GENERATE_SWIFT_ASSET_SYMBOL_EXTENSIONS = YES;
				CLANG_ANALYZER_NONNULL = YES;
				CLANG_ANALYZER_NUMBER_OBJECT_CONVERSION = YES_AGGRESSIVE;
				CLANG_CXX_LANGUAGE_STANDARD = "gnu++20";
				CLANG_ENABLE_MODULES = YES;
				CLANG_ENABLE_OBJC_ARC = YES;
				CLANG_ENABLE_OBJC_WEAK = YES;
				CLANG_WARN_BLOCK_CAPTURE_AUTORELEASING = YES;
				CLANG_WARN_BOOL_CONVERSION = YES;
				CLANG_WARN_COMMA = YES;
				CLANG_WARN_CONSTANT_CONVERSION = YES;
				CLANG_WARN_DEPRECATED_OBJC_IMPLEMENTATIONS = YES;
				CLANG_WARN_DIRECT_OBJC_ISA_USAGE = YES_ERROR;
				CLANG_WARN_DOCUMENTATION_COMMENTS = YES;
				CLANG_WARN_EMPTY_BODY = YES;
				CLANG_WARN_ENUM_CONVERSION = YES;
				CLANG_WARN_INFINITE_RECURSION = YES;
				CLANG_WARN_INT_CONVERSION = YES;
				CLANG_WARN_NON_LITERAL_NULL_CONVERSION = YES;
				CLANG_WARN_OBJC_IMPLICIT_RETAIN_SELF = YES;
				CLANG_WARN_OBJC_LITERAL_CONVERSION = YES;
				CLANG_WARN_OBJC_ROOT_CLASS = YES_ERROR;
				CLANG_WARN_QUOTED_INCLUDE_IN_FRAMEWORK_HEADER = YES;
				CLANG_WARN_RANGE_LOOP_ANALYSIS = YES;
				CLANG_WARN_STRICT_PROTOTYPES = YES;
				CLANG_WARN_SUSPICIOUS_MOVE = YES;
				CLANG_WARN_UNGUARDED_AVAILABILITY = YES_AGGRESSIVE;
				CLANG_WARN_UNREACHABLE_CODE = YES;
				CLANG_WARN__DUPLICATE_METHOD_MATCH = YES;
				COPY_PHASE_STRIP = NO;
				DEBUG_INFORMATION_FORMAT = dwarf;
				ENABLE_STRICT_OBJC_MSGSEND = YES;
				ENABLE_TESTABILITY = YES;
				ENABLE_USER_SCRIPT_SANDBOXING = YES;
				GCC_C_LANGUAGE_STANDARD = gnu17;
				GCC_DYNAMIC_NO_PIC = NO;
				GCC_NO_COMMON_BLOCKS = YES;
				GCC_OPTIMIZATION_LEVEL = 0;
				GCC_PREPROCESSOR_DEFINITIONS = (
					"DEBUG=1",
					"$(inherited)",
				);
				GCC_WARN_64_TO_32_BIT_CONVERSION = YES;
				GCC_WARN_ABOUT_RETURN_TYPE = YES_ERROR;
				GCC_WARN_UNDECLARED_SELECTOR = YES;
				GCC_WARN_UNINITIALIZED_AUTOS = YES_AGGRESSIVE;
				GCC_WARN_UNUSED_FUNCTION = YES;
				GCC_WARN_UNUSED_VARIABLE = YES;
				IPHONEOS_DEPLOYMENT_TARGET = 17.0;
				LOCALIZATION_PREFERS_STRING_CATALOGS = YES;
				MTL_ENABLE_DEBUG_INFO = INCLUDE_SOURCE;
				MTL_FAST_MATH = YES;
				ONLY_ACTIVE_ARCH = YES;
				SDKROOT = iphoneos;
				SWIFT_ACTIVE_COMPILATION_CONDITIONS = "DEBUG $(inherited)";
				SWIFT_OPTIMIZATION_LEVEL = "-Onone";
			};
			name = Debug;
		};
		781D56522ADBFED300A56C4A /* Release */ = {
			isa = XCBuildConfiguration;
			buildSettings = {
				ALWAYS_SEARCH_USER_PATHS = NO;
				ASSETCATALOG_COMPILER_GENERATE_SWIFT_ASSET_SYMBOL_EXTENSIONS = YES;
				CLANG_ANALYZER_NONNULL = YES;
				CLANG_ANALYZER_NUMBER_OBJECT_CONVERSION = YES_AGGRESSIVE;
				CLANG_CXX_LANGUAGE_STANDARD = "gnu++20";
				CLANG_ENABLE_MODULES = YES;
				CLANG_ENABLE_OBJC_ARC = YES;
				CLANG_ENABLE_OBJC_WEAK = YES;
				CLANG_WARN_BLOCK_CAPTURE_AUTORELEASING = YES;
				CLANG_WARN_BOOL_CONVERSION = YES;
				CLANG_WARN_COMMA = YES;
				CLANG_WARN_CONSTANT_CONVERSION = YES;
				CLANG_WARN_DEPRECATED_OBJC_IMPLEMENTATIONS = YES;
				CLANG_WARN_DIRECT_OBJC_ISA_USAGE = YES_ERROR;
				CLANG_WARN_DOCUMENTATION_COMMENTS = YES;
				CLANG_WARN_EMPTY_BODY = YES;
				CLANG_WARN_ENUM_CONVERSION = YES;
				CLANG_WARN_INFINITE_RECURSION = YES;
				CLANG_WARN_INT_CONVERSION = YES;
				CLANG_WARN_NON_LITERAL_NULL_CONVERSION = YES;
				CLANG_WARN_OBJC_IMPLICIT_RETAIN_SELF = YES;
				CLANG_WARN_OBJC_LITERAL_CONVERSION = YES;
				CLANG_WARN_OBJC_ROOT_CLASS = YES_ERROR;
				CLANG_WARN_QUOTED_INCLUDE_IN_FRAMEWORK_HEADER = YES;
				CLANG_WARN_RANGE_LOOP_ANALYSIS = YES;
				CLANG_WARN_STRICT_PROTOTYPES = YES;
				CLANG_WARN_SUSPICIOUS_MOVE = YES;
				CLANG_WARN_UNGUARDED_AVAILABILITY = YES_AGGRESSIVE;
				CLANG_WARN_UNREACHABLE_CODE = YES;
				CLANG_WARN__DUPLICATE_METHOD_MATCH = YES;
				COPY_PHASE_STRIP = NO;
				DEBUG_INFORMATION_FORMAT = "dwarf-with-dsym";
				ENABLE_NS_ASSERTIONS = NO;
				ENABLE_STRICT_OBJC_MSGSEND = YES;
				ENABLE_USER_SCRIPT_SANDBOXING = YES;
				GCC_C_LANGUAGE_STANDARD = gnu17;
				GCC_NO_COMMON_BLOCKS = YES;
				GCC_WARN_64_TO_32_BIT_CONVERSION = YES;
				GCC_WARN_ABOUT_RETURN_TYPE = YES_ERROR;
				GCC_WARN_UNDECLARED_SELECTOR = YES;
				GCC_WARN_UNINITIALIZED_AUTOS = YES_AGGRESSIVE;
				GCC_WARN_UNUSED_FUNCTION = YES;
				GCC_WARN_UNUSED_VARIABLE = YES;
				IPHONEOS_DEPLOYMENT_TARGET = 17.0;
				LOCALIZATION_PREFERS_STRING_CATALOGS = YES;
				MTL_ENABLE_DEBUG_INFO = NO;
				MTL_FAST_MATH = YES;
				SDKROOT = iphoneos;
				SWIFT_COMPILATION_MODE = wholemodule;
				VALIDATE_PRODUCT = YES;
			};
			name = Release;
		};
		781D56542ADBFED300A56C4A /* Debug */ = {
			isa = XCBuildConfiguration;
			buildSettings = {
				ASSETCATALOG_COMPILER_APPICON_NAME = AppIcon;
				ASSETCATALOG_COMPILER_GLOBAL_ACCENT_COLOR_NAME = AccentColor;
				CODE_SIGN_STYLE = Automatic;
				CURRENT_PROJECT_VERSION = 1;
				DEVELOPMENT_ASSET_PATHS = "\"iRullo/Preview Content\"";
				DEVELOPMENT_TEAM = 2C7W4RF846;
				ENABLE_PREVIEWS = YES;
				GENERATE_INFOPLIST_FILE = YES;
				INFOPLIST_FILE = iRullo/Info.plist;
				INFOPLIST_KEY_LSApplicationCategoryType = "public.app-category.productivity";
				INFOPLIST_KEY_UIApplicationSceneManifest_Generation = YES;
				INFOPLIST_KEY_UIApplicationSupportsIndirectInputEvents = YES;
				INFOPLIST_KEY_UILaunchScreen_Generation = YES;
				INFOPLIST_KEY_UISupportedInterfaceOrientations = "UIInterfaceOrientationLandscapeLeft UIInterfaceOrientationLandscapeRight UIInterfaceOrientationPortrait";
				INFOPLIST_KEY_UISupportedInterfaceOrientations_iPad = "UIInterfaceOrientationLandscapeLeft UIInterfaceOrientationLandscapeRight";
				IPHONEOS_DEPLOYMENT_TARGET = 15.0;
				LD_RUNPATH_SEARCH_PATHS = (
					"$(inherited)",
					"@executable_path/Frameworks",
				);
				MARKETING_VERSION = 1.0;
				PRODUCT_BUNDLE_IDENTIFIER = com.icologic.iRullo;
				PRODUCT_NAME = "$(TARGET_NAME)";
				SWIFT_EMIT_LOC_STRINGS = YES;
				SWIFT_VERSION = 5.0;
				TARGETED_DEVICE_FAMILY = "1,2";
			};
			name = Debug;
		};
		781D56552ADBFED300A56C4A /* Release */ = {
			isa = XCBuildConfiguration;
			buildSettings = {
				ASSETCATALOG_COMPILER_APPICON_NAME = AppIcon;
				ASSETCATALOG_COMPILER_GLOBAL_ACCENT_COLOR_NAME = AccentColor;
				CODE_SIGN_STYLE = Automatic;
				CURRENT_PROJECT_VERSION = 1;
				DEVELOPMENT_ASSET_PATHS = "\"iRullo/Preview Content\"";
				DEVELOPMENT_TEAM = 2C7W4RF846;
				ENABLE_PREVIEWS = YES;
				GENERATE_INFOPLIST_FILE = YES;
				INFOPLIST_FILE = iRullo/Info.plist;
				INFOPLIST_KEY_LSApplicationCategoryType = "public.app-category.productivity";
				INFOPLIST_KEY_UIApplicationSceneManifest_Generation = YES;
				INFOPLIST_KEY_UIApplicationSupportsIndirectInputEvents = YES;
				INFOPLIST_KEY_UILaunchScreen_Generation = YES;
				INFOPLIST_KEY_UISupportedInterfaceOrientations = "UIInterfaceOrientationLandscapeLeft UIInterfaceOrientationLandscapeRight UIInterfaceOrientationPortrait";
				INFOPLIST_KEY_UISupportedInterfaceOrientations_iPad = "UIInterfaceOrientationLandscapeLeft UIInterfaceOrientationLandscapeRight";
				IPHONEOS_DEPLOYMENT_TARGET = 15.0;
				LD_RUNPATH_SEARCH_PATHS = (
					"$(inherited)",
					"@executable_path/Frameworks",
				);
				MARKETING_VERSION = 1.0;
				PRODUCT_BUNDLE_IDENTIFIER = com.icologic.iRullo;
				PRODUCT_NAME = "$(TARGET_NAME)";
				SWIFT_EMIT_LOC_STRINGS = YES;
				SWIFT_VERSION = 5.0;
				TARGETED_DEVICE_FAMILY = "1,2";
			};
			name = Release;
		};
/* End XCBuildConfiguration section */

/* Begin XCConfigurationList section */
		781D56402ADBFED200A56C4A /* Build configuration list for PBXProject "iRullo" */ = {
			isa = XCConfigurationList;
			buildConfigurations = (
				781D56512ADBFED300A56C4A /* Debug */,
				781D56522ADBFED300A56C4A /* Release */,
			);
			defaultConfigurationIsVisible = 0;
			defaultConfigurationName = Release;
		};
		781D56532ADBFED300A56C4A /* Build configuration list for PBXNativeTarget "iRullo" */ = {
			isa = XCConfigurationList;
			buildConfigurations = (
				781D56542ADBFED300A56C4A /* Debug */,
				781D56552ADBFED300A56C4A /* Release */,
			);
			defaultConfigurationIsVisible = 0;
			defaultConfigurationName = Release;
		};
/* End XCConfigurationList section */

/* Begin XCRemoteSwiftPackageReference section */
		788D6D832AE433C00049D0F5 /* XCRemoteSwiftPackageReference "swiftui-introspect" */ = {
			isa = XCRemoteSwiftPackageReference;
			repositoryURL = "https://github.com/siteline/swiftui-introspect";
			requirement = {
				kind = upToNextMajorVersion;
				minimumVersion = 1.1.0;
			};
		};
/* End XCRemoteSwiftPackageReference section */

/* Begin XCSwiftPackageProductDependency section */
		788D6D842AE433C00049D0F5 /* SwiftUIIntrospect */ = {
			isa = XCSwiftPackageProductDependency;
			package = 788D6D832AE433C00049D0F5 /* XCRemoteSwiftPackageReference "swiftui-introspect" */;
			productName = SwiftUIIntrospect;
		};
		788D6D862AE433C00049D0F5 /* SwiftUIIntrospect-Dynamic */ = {
			isa = XCSwiftPackageProductDependency;
			package = 788D6D832AE433C00049D0F5 /* XCRemoteSwiftPackageReference "swiftui-introspect" */;
			productName = "SwiftUIIntrospect-Dynamic";
		};
		788D6D882AE433C00049D0F5 /* SwiftUIIntrospect-Static */ = {
			isa = XCSwiftPackageProductDependency;
			package = 788D6D832AE433C00049D0F5 /* XCRemoteSwiftPackageReference "swiftui-introspect" */;
			productName = "SwiftUIIntrospect-Static";
		};
/* End XCSwiftPackageProductDependency section */
	};
	rootObject = 781D563D2ADBFED200A56C4A /* Project object */;
}
